// !$*UTF8*$!
{
	archiveVersion = 1;
	classes = {
	};
	objectVersion = 56;
	objects = {

/* Begin PBXBuildFile section */
		8B4B16EF29CA2DA2004D5A62 /* swiftUIMagicApp.swift in Sources */ = {isa = PBXBuildFile; fileRef = 8B4B16EE29CA2DA2004D5A62 /* swiftUIMagicApp.swift */; };
		8B4B16F329CA2DA3004D5A62 /* Assets.xcassets in Resources */ = {isa = PBXBuildFile; fileRef = 8B4B16F229CA2DA3004D5A62 /* Assets.xcassets */; };
		8B4B16F629CA2DA3004D5A62 /* Preview Assets.xcassets in Resources */ = {isa = PBXBuildFile; fileRef = 8B4B16F529CA2DA3004D5A62 /* Preview Assets.xcassets */; };
		8B4B170F29CA2E9C004D5A62 /* MainView.swift in Sources */ = {isa = PBXBuildFile; fileRef = 8B4B170929CA2E9C004D5A62 /* MainView.swift */; };
		8B4B171029CA2E9C004D5A62 /* TalkListScreen.swift in Sources */ = {isa = PBXBuildFile; fileRef = 8B4B170A29CA2E9C004D5A62 /* TalkListScreen.swift */; };
		8B4B171129CA2E9C004D5A62 /* FooterView.swift in Sources */ = {isa = PBXBuildFile; fileRef = 8B4B170B29CA2E9C004D5A62 /* FooterView.swift */; };
		8B4B171229CA2E9C004D5A62 /* VideosView.swift in Sources */ = {isa = PBXBuildFile; fileRef = 8B4B170C29CA2E9C004D5A62 /* VideosView.swift */; };
		8B4B171329CA2E9C004D5A62 /* VideoSummaryView.swift in Sources */ = {isa = PBXBuildFile; fileRef = 8B4B170D29CA2E9C004D5A62 /* VideoSummaryView.swift */; };
		8B4B171429CA2E9C004D5A62 /* View+ReadFrame.swift in Sources */ = {isa = PBXBuildFile; fileRef = 8B4B170E29CA2E9C004D5A62 /* View+ReadFrame.swift */; };
		8B4B171F29CA2FA4004D5A62 /* VerticalRatioAlignment.swift in Sources */ = {isa = PBXBuildFile; fileRef = 8B4B171729CA2FA3004D5A62 /* VerticalRatioAlignment.swift */; };
		8B4B172029CA2FA4004D5A62 /* ShortText.swift in Sources */ = {isa = PBXBuildFile; fileRef = 8B4B171829CA2FA4004D5A62 /* ShortText.swift */; };
		8B4B172129CA2FA4004D5A62 /* ContentViewB.swift in Sources */ = {isa = PBXBuildFile; fileRef = 8B4B171929CA2FA4004D5A62 /* ContentViewB.swift */; };
		8B4B172229CA2FA4004D5A62 /* VerticalRatioLayout.swift in Sources */ = {isa = PBXBuildFile; fileRef = 8B4B171A29CA2FA4004D5A62 /* VerticalRatioLayout.swift */; };
		8B4B172329CA2FA4004D5A62 /* ContentViewA.swift in Sources */ = {isa = PBXBuildFile; fileRef = 8B4B171B29CA2FA4004D5A62 /* ContentViewA.swift */; };
		8B4B172429CA2FA4004D5A62 /* BlueBackground.swift in Sources */ = {isa = PBXBuildFile; fileRef = 8B4B171C29CA2FA4004D5A62 /* BlueBackground.swift */; };
		8B4B172529CA2FA4004D5A62 /* LongText.swift in Sources */ = {isa = PBXBuildFile; fileRef = 8B4B171D29CA2FA4004D5A62 /* LongText.swift */; };
		8B4B172629CA2FA4004D5A62 /* RedLine.swift in Sources */ = {isa = PBXBuildFile; fileRef = 8B4B171E29CA2FA4004D5A62 /* RedLine.swift */; };
		8B5B22C429DCA15C0039EE66 /* ColorCurveBackground.swift in Sources */ = {isa = PBXBuildFile; fileRef = 8B5B22C329DCA15C0039EE66 /* ColorCurveBackground.swift */; };
		8B5B22C729DCBA130039EE66 /* FloatingPointExtension.swift in Sources */ = {isa = PBXBuildFile; fileRef = 8B5B22C629DCBA130039EE66 /* FloatingPointExtension.swift */; };
		8B5B22C929DCBBF40039EE66 /* TalkListScreenDecorator.swift in Sources */ = {isa = PBXBuildFile; fileRef = 8B5B22C829DCBBF40039EE66 /* TalkListScreenDecorator.swift */; };
		8B5B22CB29DCBE6B0039EE66 /* HeaderContentView.swift in Sources */ = {isa = PBXBuildFile; fileRef = 8B5B22CA29DCBE6B0039EE66 /* HeaderContentView.swift */; };
		8B5B22CD29DCCA4E0039EE66 /* View+ReadFrameAdvanced.swift in Sources */ = {isa = PBXBuildFile; fileRef = 8B5B22CC29DCCA4E0039EE66 /* View+ReadFrameAdvanced.swift */; };
		8BD6CACF29CA323C00FFD6A9 /* ScreenType.swift in Sources */ = {isa = PBXBuildFile; fileRef = 8BD6CACE29CA323C00FFD6A9 /* ScreenType.swift */; };
/* End PBXBuildFile section */

/* Begin PBXFileReference section */
		8B4B16EB29CA2DA2004D5A62 /* swiftUIMagic.app */ = {isa = PBXFileReference; explicitFileType = wrapper.application; includeInIndex = 0; path = swiftUIMagic.app; sourceTree = BUILT_PRODUCTS_DIR; };
		8B4B16EE29CA2DA2004D5A62 /* swiftUIMagicApp.swift */ = {isa = PBXFileReference; lastKnownFileType = sourcecode.swift; path = swiftUIMagicApp.swift; sourceTree = "<group>"; };
		8B4B16F229CA2DA3004D5A62 /* Assets.xcassets */ = {isa = PBXFileReference; lastKnownFileType = folder.assetcatalog; path = Assets.xcassets; sourceTree = "<group>"; };
		8B4B16F529CA2DA3004D5A62 /* Preview Assets.xcassets */ = {isa = PBXFileReference; lastKnownFileType = folder.assetcatalog; path = "Preview Assets.xcassets"; sourceTree = "<group>"; };
		8B4B170929CA2E9C004D5A62 /* MainView.swift */ = {isa = PBXFileReference; fileEncoding = 4; lastKnownFileType = sourcecode.swift; path = MainView.swift; sourceTree = "<group>"; };
		8B4B170A29CA2E9C004D5A62 /* TalkListScreen.swift */ = {isa = PBXFileReference; fileEncoding = 4; lastKnownFileType = sourcecode.swift; path = TalkListScreen.swift; sourceTree = "<group>"; };
		8B4B170B29CA2E9C004D5A62 /* FooterView.swift */ = {isa = PBXFileReference; fileEncoding = 4; lastKnownFileType = sourcecode.swift; path = FooterView.swift; sourceTree = "<group>"; };
		8B4B170C29CA2E9C004D5A62 /* VideosView.swift */ = {isa = PBXFileReference; fileEncoding = 4; lastKnownFileType = sourcecode.swift; path = VideosView.swift; sourceTree = "<group>"; };
		8B4B170D29CA2E9C004D5A62 /* VideoSummaryView.swift */ = {isa = PBXFileReference; fileEncoding = 4; lastKnownFileType = sourcecode.swift; path = VideoSummaryView.swift; sourceTree = "<group>"; };
		8B4B170E29CA2E9C004D5A62 /* View+ReadFrame.swift */ = {isa = PBXFileReference; fileEncoding = 4; lastKnownFileType = sourcecode.swift; path = "View+ReadFrame.swift"; sourceTree = "<group>"; };
		8B4B171729CA2FA3004D5A62 /* VerticalRatioAlignment.swift */ = {isa = PBXFileReference; fileEncoding = 4; lastKnownFileType = sourcecode.swift; path = VerticalRatioAlignment.swift; sourceTree = "<group>"; };
		8B4B171829CA2FA4004D5A62 /* ShortText.swift */ = {isa = PBXFileReference; fileEncoding = 4; lastKnownFileType = sourcecode.swift; path = ShortText.swift; sourceTree = "<group>"; };
		8B4B171929CA2FA4004D5A62 /* ContentViewB.swift */ = {isa = PBXFileReference; fileEncoding = 4; lastKnownFileType = sourcecode.swift; path = ContentViewB.swift; sourceTree = "<group>"; };
		8B4B171A29CA2FA4004D5A62 /* VerticalRatioLayout.swift */ = {isa = PBXFileReference; fileEncoding = 4; lastKnownFileType = sourcecode.swift; path = VerticalRatioLayout.swift; sourceTree = "<group>"; };
		8B4B171B29CA2FA4004D5A62 /* ContentViewA.swift */ = {isa = PBXFileReference; fileEncoding = 4; lastKnownFileType = sourcecode.swift; path = ContentViewA.swift; sourceTree = "<group>"; };
		8B4B171C29CA2FA4004D5A62 /* BlueBackground.swift */ = {isa = PBXFileReference; fileEncoding = 4; lastKnownFileType = sourcecode.swift; path = BlueBackground.swift; sourceTree = "<group>"; };
		8B4B171D29CA2FA4004D5A62 /* LongText.swift */ = {isa = PBXFileReference; fileEncoding = 4; lastKnownFileType = sourcecode.swift; path = LongText.swift; sourceTree = "<group>"; };
		8B4B171E29CA2FA4004D5A62 /* RedLine.swift */ = {isa = PBXFileReference; fileEncoding = 4; lastKnownFileType = sourcecode.swift; path = RedLine.swift; sourceTree = "<group>"; };
		8B5B22C329DCA15C0039EE66 /* ColorCurveBackground.swift */ = {isa = PBXFileReference; fileEncoding = 4; lastKnownFileType = sourcecode.swift; path = ColorCurveBackground.swift; sourceTree = "<group>"; };
		8B5B22C629DCBA130039EE66 /* FloatingPointExtension.swift */ = {isa = PBXFileReference; lastKnownFileType = sourcecode.swift; path = FloatingPointExtension.swift; sourceTree = "<group>"; };
		8B5B22C829DCBBF40039EE66 /* TalkListScreenDecorator.swift */ = {isa = PBXFileReference; lastKnownFileType = sourcecode.swift; path = TalkListScreenDecorator.swift; sourceTree = "<group>"; };
		8B5B22CA29DCBE6B0039EE66 /* HeaderContentView.swift */ = {isa = PBXFileReference; lastKnownFileType = sourcecode.swift; path = HeaderContentView.swift; sourceTree = "<group>"; };
		8B5B22CC29DCCA4E0039EE66 /* View+ReadFrameAdvanced.swift */ = {isa = PBXFileReference; lastKnownFileType = sourcecode.swift; path = "View+ReadFrameAdvanced.swift"; sourceTree = "<group>"; };
		8BD6CACE29CA323C00FFD6A9 /* ScreenType.swift */ = {isa = PBXFileReference; lastKnownFileType = sourcecode.swift; path = ScreenType.swift; sourceTree = "<group>"; };
/* End PBXFileReference section */

/* Begin PBXFrameworksBuildPhase section */
		8B4B16E829CA2DA2004D5A62 /* Frameworks */ = {
			isa = PBXFrameworksBuildPhase;
			buildActionMask = 2147483647;
			files = (
			);
			runOnlyForDeploymentPostprocessing = 0;
		};
/* End PBXFrameworksBuildPhase section */

/* Begin PBXGroup section */
		8B4B16E229CA2DA2004D5A62 = {
			isa = PBXGroup;
			children = (
				8B4B16ED29CA2DA2004D5A62 /* swiftUIMagic */,
				8B4B16EC29CA2DA2004D5A62 /* Products */,
			);
			sourceTree = "<group>";
		};
		8B4B16EC29CA2DA2004D5A62 /* Products */ = {
			isa = PBXGroup;
			children = (
				8B4B16EB29CA2DA2004D5A62 /* swiftUIMagic.app */,
			);
			name = Products;
			sourceTree = "<group>";
		};
		8B4B16ED29CA2DA2004D5A62 /* swiftUIMagic */ = {
			isa = PBXGroup;
			children = (
				8B5B22D029DDBB8C0039EE66 /* Helpers */,
				8B4B171629CA2F84004D5A62 /* Ratio Layout */,
				8B4B171529CA2F75004D5A62 /* Sticky Footer */,
				8B4B16F229CA2DA3004D5A62 /* Assets.xcassets */,
				8B4B16F429CA2DA3004D5A62 /* Preview Content */,
			);
			path = swiftUIMagic;
			sourceTree = "<group>";
		};
		8B4B16F429CA2DA3004D5A62 /* Preview Content */ = {
			isa = PBXGroup;
			children = (
				8B4B16F529CA2DA3004D5A62 /* Preview Assets.xcassets */,
			);
			path = "Preview Content";
			sourceTree = "<group>";
		};
		8B4B171529CA2F75004D5A62 /* Sticky Footer */ = {
			isa = PBXGroup;
			children = (
				8B5B22CE29DD48B60039EE66 /* Helpers */,
				8B4B170A29CA2E9C004D5A62 /* TalkListScreen.swift */,
				8B4B170E29CA2E9C004D5A62 /* View+ReadFrame.swift */,
				8B5B22CC29DCCA4E0039EE66 /* View+ReadFrameAdvanced.swift */,
			);
			path = "Sticky Footer";
			sourceTree = "<group>";
		};
		8B4B171629CA2F84004D5A62 /* Ratio Layout */ = {
			isa = PBXGroup;
			children = (
				8B5B22CF29DD4A730039EE66 /* Helpers */,
				8B4B171B29CA2FA4004D5A62 /* ContentViewA.swift */,
				8B4B171929CA2FA4004D5A62 /* ContentViewB.swift */,
				8B4B171729CA2FA3004D5A62 /* VerticalRatioAlignment.swift */,
				8B4B171A29CA2FA4004D5A62 /* VerticalRatioLayout.swift */,
			);
			path = "Ratio Layout";
			sourceTree = "<group>";
		};
		8B5B22CE29DD48B60039EE66 /* Helpers */ = {
			isa = PBXGroup;
			children = (
				8B5B22C329DCA15C0039EE66 /* ColorCurveBackground.swift */,
				8B5B22C629DCBA130039EE66 /* FloatingPointExtension.swift */,
				8B4B170B29CA2E9C004D5A62 /* FooterView.swift */,
				8B5B22CA29DCBE6B0039EE66 /* HeaderContentView.swift */,
				8B5B22C829DCBBF40039EE66 /* TalkListScreenDecorator.swift */,
				8B4B170D29CA2E9C004D5A62 /* VideoSummaryView.swift */,
				8B4B170C29CA2E9C004D5A62 /* VideosView.swift */,
			);
			path = Helpers;
			sourceTree = "<group>";
		};
		8B5B22CF29DD4A730039EE66 /* Helpers */ = {
			isa = PBXGroup;
			children = (
				8B4B171C29CA2FA4004D5A62 /* BlueBackground.swift */,
				8B4B171D29CA2FA4004D5A62 /* LongText.swift */,
				8B4B171E29CA2FA4004D5A62 /* RedLine.swift */,
				8B4B171829CA2FA4004D5A62 /* ShortText.swift */,
			);
			path = Helpers;
			sourceTree = "<group>";
		};
		8B5B22D029DDBB8C0039EE66 /* Helpers */ = {
			isa = PBXGroup;
			children = (
				8B4B170929CA2E9C004D5A62 /* MainView.swift */,
				8BD6CACE29CA323C00FFD6A9 /* ScreenType.swift */,
				8B4B16EE29CA2DA2004D5A62 /* swiftUIMagicApp.swift */,
			);
			path = Helpers;
			sourceTree = "<group>";
		};
/* End PBXGroup section */

/* Begin PBXNativeTarget section */
		8B4B16EA29CA2DA2004D5A62 /* swiftUIMagic */ = {
			isa = PBXNativeTarget;
			buildConfigurationList = 8B4B16F929CA2DA3004D5A62 /* Build configuration list for PBXNativeTarget "swiftUIMagic" */;
			buildPhases = (
				8B4B16E729CA2DA2004D5A62 /* Sources */,
				8B4B16E829CA2DA2004D5A62 /* Frameworks */,
				8B4B16E929CA2DA2004D5A62 /* Resources */,
			);
			buildRules = (
			);
			dependencies = (
			);
			name = swiftUIMagic;
			productName = swiftUIMagic;
			productReference = 8B4B16EB29CA2DA2004D5A62 /* swiftUIMagic.app */;
			productType = "com.apple.product-type.application";
		};
/* End PBXNativeTarget section */

/* Begin PBXProject section */
		8B4B16E329CA2DA2004D5A62 /* Project object */ = {
			isa = PBXProject;
			attributes = {
				BuildIndependentTargetsInParallel = 1;
				LastSwiftUpdateCheck = 1420;
				LastUpgradeCheck = 1420;
				TargetAttributes = {
					8B4B16EA29CA2DA2004D5A62 = {
						CreatedOnToolsVersion = 14.2;
					};
				};
			};
			buildConfigurationList = 8B4B16E629CA2DA2004D5A62 /* Build configuration list for PBXProject "swiftUIMagic" */;
			compatibilityVersion = "Xcode 14.0";
			developmentRegion = en;
			hasScannedForEncodings = 0;
			knownRegions = (
				en,
				Base,
			);
			mainGroup = 8B4B16E229CA2DA2004D5A62;
			productRefGroup = 8B4B16EC29CA2DA2004D5A62 /* Products */;
			projectDirPath = "";
			projectRoot = "";
			targets = (
				8B4B16EA29CA2DA2004D5A62 /* swiftUIMagic */,
			);
		};
/* End PBXProject section */

/* Begin PBXResourcesBuildPhase section */
		8B4B16E929CA2DA2004D5A62 /* Resources */ = {
			isa = PBXResourcesBuildPhase;
			buildActionMask = 2147483647;
			files = (
				8B4B16F629CA2DA3004D5A62 /* Preview Assets.xcassets in Resources */,
				8B4B16F329CA2DA3004D5A62 /* Assets.xcassets in Resources */,
			);
			runOnlyForDeploymentPostprocessing = 0;
		};
/* End PBXResourcesBuildPhase section */

/* Begin PBXSourcesBuildPhase section */
		8B4B16E729CA2DA2004D5A62 /* Sources */ = {
			isa = PBXSourcesBuildPhase;
			buildActionMask = 2147483647;
			files = (
				8B4B16EF29CA2DA2004D5A62 /* swiftUIMagicApp.swift in Sources */,
				8B4B172029CA2FA4004D5A62 /* ShortText.swift in Sources */,
				8B4B171229CA2E9C004D5A62 /* VideosView.swift in Sources */,
				8B5B22C429DCA15C0039EE66 /* ColorCurveBackground.swift in Sources */,
				8B4B171129CA2E9C004D5A62 /* FooterView.swift in Sources */,
				8B4B172529CA2FA4004D5A62 /* LongText.swift in Sources */,
				8B4B170F29CA2E9C004D5A62 /* MainView.swift in Sources */,
				8B4B171029CA2E9C004D5A62 /* TalkListScreen.swift in Sources */,
				8B5B22C729DCBA130039EE66 /* FloatingPointExtension.swift in Sources */,
				8B5B22CB29DCBE6B0039EE66 /* HeaderContentView.swift in Sources */,
				8B4B171329CA2E9C004D5A62 /* VideoSummaryView.swift in Sources */,
				8B5B22C929DCBBF40039EE66 /* TalkListScreenDecorator.swift in Sources */,
				8B4B172629CA2FA4004D5A62 /* RedLine.swift in Sources */,
				8B4B172129CA2FA4004D5A62 /* ContentViewB.swift in Sources */,
				8B4B172329CA2FA4004D5A62 /* ContentViewA.swift in Sources */,
				8B4B172429CA2FA4004D5A62 /* BlueBackground.swift in Sources */,
				8B4B171429CA2E9C004D5A62 /* View+ReadFrame.swift in Sources */,
				8BD6CACF29CA323C00FFD6A9 /* ScreenType.swift in Sources */,
				8B4B172229CA2FA4004D5A62 /* VerticalRatioLayout.swift in Sources */,
				8B4B171F29CA2FA4004D5A62 /* VerticalRatioAlignment.swift in Sources */,
				8B5B22CD29DCCA4E0039EE66 /* View+ReadFrameAdvanced.swift in Sources */,
			);
			runOnlyForDeploymentPostprocessing = 0;
		};
/* End PBXSourcesBuildPhase section */

/* Begin XCBuildConfiguration section */
		8B4B16F729CA2DA3004D5A62 /* Debug */ = {
			isa = XCBuildConfiguration;
			buildSettings = {
				ALWAYS_SEARCH_USER_PATHS = NO;
				CLANG_ANALYZER_NONNULL = YES;
				CLANG_ANALYZER_NUMBER_OBJECT_CONVERSION = YES_AGGRESSIVE;
				CLANG_CXX_LANGUAGE_STANDARD = "gnu++20";
				CLANG_ENABLE_MODULES = YES;
				CLANG_ENABLE_OBJC_ARC = YES;
				CLANG_ENABLE_OBJC_WEAK = YES;
				CLANG_WARN_BLOCK_CAPTURE_AUTORELEASING = YES;
				CLANG_WARN_BOOL_CONVERSION = YES;
				CLANG_WARN_COMMA = YES;
				CLANG_WARN_CONSTANT_CONVERSION = YES;
				CLANG_WARN_DEPRECATED_OBJC_IMPLEMENTATIONS = YES;
				CLANG_WARN_DIRECT_OBJC_ISA_USAGE = YES_ERROR;
				CLANG_WARN_DOCUMENTATION_COMMENTS = YES;
				CLANG_WARN_EMPTY_BODY = YES;
				CLANG_WARN_ENUM_CONVERSION = YES;
				CLANG_WARN_INFINITE_RECURSION = YES;
				CLANG_WARN_INT_CONVERSION = YES;
				CLANG_WARN_NON_LITERAL_NULL_CONVERSION = YES;
				CLANG_WARN_OBJC_IMPLICIT_RETAIN_SELF = YES;
				CLANG_WARN_OBJC_LITERAL_CONVERSION = YES;
				CLANG_WARN_OBJC_ROOT_CLASS = YES_ERROR;
				CLANG_WARN_QUOTED_INCLUDE_IN_FRAMEWORK_HEADER = YES;
				CLANG_WARN_RANGE_LOOP_ANALYSIS = YES;
				CLANG_WARN_STRICT_PROTOTYPES = YES;
				CLANG_WARN_SUSPICIOUS_MOVE = YES;
				CLANG_WARN_UNGUARDED_AVAILABILITY = YES_AGGRESSIVE;
				CLANG_WARN_UNREACHABLE_CODE = YES;
				CLANG_WARN__DUPLICATE_METHOD_MATCH = YES;
				COPY_PHASE_STRIP = NO;
				DEBUG_INFORMATION_FORMAT = dwarf;
				ENABLE_STRICT_OBJC_MSGSEND = YES;
				ENABLE_TESTABILITY = YES;
				GCC_C_LANGUAGE_STANDARD = gnu11;
				GCC_DYNAMIC_NO_PIC = NO;
				GCC_NO_COMMON_BLOCKS = YES;
				GCC_OPTIMIZATION_LEVEL = 0;
				GCC_PREPROCESSOR_DEFINITIONS = (
					"DEBUG=1",
					"$(inherited)",
				);
				GCC_WARN_64_TO_32_BIT_CONVERSION = YES;
				GCC_WARN_ABOUT_RETURN_TYPE = YES_ERROR;
				GCC_WARN_UNDECLARED_SELECTOR = YES;
				GCC_WARN_UNINITIALIZED_AUTOS = YES_AGGRESSIVE;
				GCC_WARN_UNUSED_FUNCTION = YES;
				GCC_WARN_UNUSED_VARIABLE = YES;
				IPHONEOS_DEPLOYMENT_TARGET = 16.2;
				MTL_ENABLE_DEBUG_INFO = INCLUDE_SOURCE;
				MTL_FAST_MATH = YES;
				ONLY_ACTIVE_ARCH = YES;
				SDKROOT = iphoneos;
				SWIFT_ACTIVE_COMPILATION_CONDITIONS = DEBUG;
				SWIFT_OPTIMIZATION_LEVEL = "-Onone";
			};
			name = Debug;
		};
		8B4B16F829CA2DA3004D5A62 /* Release */ = {
			isa = XCBuildConfiguration;
			buildSettings = {
				ALWAYS_SEARCH_USER_PATHS = NO;
				CLANG_ANALYZER_NONNULL = YES;
				CLANG_ANALYZER_NUMBER_OBJECT_CONVERSION = YES_AGGRESSIVE;
				CLANG_CXX_LANGUAGE_STANDARD = "gnu++20";
				CLANG_ENABLE_MODULES = YES;
				CLANG_ENABLE_OBJC_ARC = YES;
				CLANG_ENABLE_OBJC_WEAK = YES;
				CLANG_WARN_BLOCK_CAPTURE_AUTORELEASING = YES;
				CLANG_WARN_BOOL_CONVERSION = YES;
				CLANG_WARN_COMMA = YES;
				CLANG_WARN_CONSTANT_CONVERSION = YES;
				CLANG_WARN_DEPRECATED_OBJC_IMPLEMENTATIONS = YES;
				CLANG_WARN_DIRECT_OBJC_ISA_USAGE = YES_ERROR;
				CLANG_WARN_DOCUMENTATION_COMMENTS = YES;
				CLANG_WARN_EMPTY_BODY = YES;
				CLANG_WARN_ENUM_CONVERSION = YES;
				CLANG_WARN_INFINITE_RECURSION = YES;
				CLANG_WARN_INT_CONVERSION = YES;
				CLANG_WARN_NON_LITERAL_NULL_CONVERSION = YES;
				CLANG_WARN_OBJC_IMPLICIT_RETAIN_SELF = YES;
				CLANG_WARN_OBJC_LITERAL_CONVERSION = YES;
				CLANG_WARN_OBJC_ROOT_CLASS = YES_ERROR;
				CLANG_WARN_QUOTED_INCLUDE_IN_FRAMEWORK_HEADER = YES;
				CLANG_WARN_RANGE_LOOP_ANALYSIS = YES;
				CLANG_WARN_STRICT_PROTOTYPES = YES;
				CLANG_WARN_SUSPICIOUS_MOVE = YES;
				CLANG_WARN_UNGUARDED_AVAILABILITY = YES_AGGRESSIVE;
				CLANG_WARN_UNREACHABLE_CODE = YES;
				CLANG_WARN__DUPLICATE_METHOD_MATCH = YES;
				COPY_PHASE_STRIP = NO;
				DEBUG_INFORMATION_FORMAT = "dwarf-with-dsym";
				ENABLE_NS_ASSERTIONS = NO;
				ENABLE_STRICT_OBJC_MSGSEND = YES;
				GCC_C_LANGUAGE_STANDARD = gnu11;
				GCC_NO_COMMON_BLOCKS = YES;
				GCC_WARN_64_TO_32_BIT_CONVERSION = YES;
				GCC_WARN_ABOUT_RETURN_TYPE = YES_ERROR;
				GCC_WARN_UNDECLARED_SELECTOR = YES;
				GCC_WARN_UNINITIALIZED_AUTOS = YES_AGGRESSIVE;
				GCC_WARN_UNUSED_FUNCTION = YES;
				GCC_WARN_UNUSED_VARIABLE = YES;
				IPHONEOS_DEPLOYMENT_TARGET = 16.2;
				MTL_ENABLE_DEBUG_INFO = NO;
				MTL_FAST_MATH = YES;
				SDKROOT = iphoneos;
				SWIFT_COMPILATION_MODE = wholemodule;
				SWIFT_OPTIMIZATION_LEVEL = "-O";
				VALIDATE_PRODUCT = YES;
			};
			name = Release;
		};
		8B4B16FA29CA2DA3004D5A62 /* Debug */ = {
			isa = XCBuildConfiguration;
			buildSettings = {
				ASSETCATALOG_COMPILER_APPICON_NAME = AppIcon;
				ASSETCATALOG_COMPILER_GLOBAL_ACCENT_COLOR_NAME = AccentColor;
				CODE_SIGN_STYLE = Automatic;
				CURRENT_PROJECT_VERSION = 1;
				DEVELOPMENT_ASSET_PATHS = "\"swiftUIMagic/Preview Content\"";
				DEVELOPMENT_TEAM = Q6SZ37AHX7;
				ENABLE_PREVIEWS = YES;
				GENERATE_INFOPLIST_FILE = YES;
				INFOPLIST_KEY_CFBundleDisplayName = "SwiftUI Magic";
				INFOPLIST_KEY_UIApplicationSceneManifest_Generation = YES;
				INFOPLIST_KEY_UIApplicationSupportsIndirectInputEvents = YES;
				INFOPLIST_KEY_UILaunchScreen_Generation = YES;
				INFOPLIST_KEY_UISupportedInterfaceOrientations_iPad = "UIInterfaceOrientationPortrait UIInterfaceOrientationPortraitUpsideDown UIInterfaceOrientationLandscapeLeft UIInterfaceOrientationLandscapeRight";
				INFOPLIST_KEY_UISupportedInterfaceOrientations_iPhone = "UIInterfaceOrientationPortrait UIInterfaceOrientationLandscapeLeft UIInterfaceOrientationLandscapeRight";
				LD_RUNPATH_SEARCH_PATHS = (
					"$(inherited)",
					"@executable_path/Frameworks",
				);
				MARKETING_VERSION = 1.0;
				PRODUCT_BUNDLE_IDENTIFIER = com.livefront.swiftUIMagic;
				PRODUCT_NAME = "$(TARGET_NAME)";
				SWIFT_EMIT_LOC_STRINGS = YES;
				SWIFT_VERSION = 5.0;
				TARGETED_DEVICE_FAMILY = "1,2";
			};
			name = Debug;
		};
		8B4B16FB29CA2DA3004D5A62 /* Release */ = {
			isa = XCBuildConfiguration;
			buildSettings = {
				ASSETCATALOG_COMPILER_APPICON_NAME = AppIcon;
				ASSETCATALOG_COMPILER_GLOBAL_ACCENT_COLOR_NAME = AccentColor;
				CODE_SIGN_STYLE = Automatic;
				CURRENT_PROJECT_VERSION = 1;
				DEVELOPMENT_ASSET_PATHS = "\"swiftUIMagic/Preview Content\"";
				DEVELOPMENT_TEAM = Q6SZ37AHX7;
				ENABLE_PREVIEWS = YES;
				GENERATE_INFOPLIST_FILE = YES;
				INFOPLIST_KEY_CFBundleDisplayName = "SwiftUI Magic";
				INFOPLIST_KEY_UIApplicationSceneManifest_Generation = YES;
				INFOPLIST_KEY_UIApplicationSupportsIndirectInputEvents = YES;
				INFOPLIST_KEY_UILaunchScreen_Generation = YES;
				INFOPLIST_KEY_UISupportedInterfaceOrientations_iPad = "UIInterfaceOrientationPortrait UIInterfaceOrientationPortraitUpsideDown UIInterfaceOrientationLandscapeLeft UIInterfaceOrientationLandscapeRight";
				INFOPLIST_KEY_UISupportedInterfaceOrientations_iPhone = "UIInterfaceOrientationPortrait UIInterfaceOrientationLandscapeLeft UIInterfaceOrientationLandscapeRight";
				LD_RUNPATH_SEARCH_PATHS = (
					"$(inherited)",
					"@executable_path/Frameworks",
				);
				MARKETING_VERSION = 1.0;
				PRODUCT_BUNDLE_IDENTIFIER = com.livefront.swiftUIMagic;
				PRODUCT_NAME = "$(TARGET_NAME)";
				SWIFT_EMIT_LOC_STRINGS = YES;
				SWIFT_VERSION = 5.0;
				TARGETED_DEVICE_FAMILY = "1,2";
			};
			name = Release;
		};
/* End XCBuildConfiguration section */

/* Begin XCConfigurationList section */
		8B4B16E629CA2DA2004D5A62 /* Build configuration list for PBXProject "swiftUIMagic" */ = {
			isa = XCConfigurationList;
			buildConfigurations = (
				8B4B16F729CA2DA3004D5A62 /* Debug */,
				8B4B16F829CA2DA3004D5A62 /* Release */,
			);
			defaultConfigurationIsVisible = 0;
			defaultConfigurationName = Release;
		};
		8B4B16F929CA2DA3004D5A62 /* Build configuration list for PBXNativeTarget "swiftUIMagic" */ = {
			isa = XCConfigurationList;
			buildConfigurations = (
				8B4B16FA29CA2DA3004D5A62 /* Debug */,
				8B4B16FB29CA2DA3004D5A62 /* Release */,
			);
			defaultConfigurationIsVisible = 0;
			defaultConfigurationName = Release;
		};
/* End XCConfigurationList section */
	};
	rootObject = 8B4B16E329CA2DA2004D5A62 /* Project object */;
}
